
Microsoft Visual Studio Solution File, Format Version 12.00
# Visual Studio 14
VisualStudioVersion = 14.0.25420.1
MinimumVisualStudioVersion = 10.0.40219.1
Project("{FAE04EC0-301F-11D3-BF4B-00C04F79EFBC}") = "Clock", "Clock\Clock.csproj", "{0DD9843B-E9D3-435B-BBA7-7F8E40EE1121}"
EndProject
Project("{FAE04EC0-301F-11D3-BF4B-00C04F79EFBC}") = "Branches", "Branches\Branches.csproj", "{3E5E4307-9002-48C6-97DC-EC8443D9C7A4}"
EndProject
Project("{FAE04EC0-301F-11D3-BF4B-00C04F79EFBC}") = "BranchesTests", "BranchesTests\BranchesTests.csproj", "{A92D3D98-9961-4A4E-B14B-483F0924FB92}"
EndProject
Project("{FAE04EC0-301F-11D3-BF4B-00C04F79EFBC}") = "ClockTests", "ClockTests\ClockTests.csproj", "{A41DC7C6-AF5E-42C6-9B53-9CC042263A6E}"
EndProject
Global
	GlobalSection(SolutionConfigurationPlatforms) = preSolution
		Debug|Any CPU = Debug|Any CPU
		Release|Any CPU = Release|Any CPU
	EndGlobalSection
	GlobalSection(ProjectConfigurationPlatforms) = postSolution
		{0DD9843B-E9D3-435B-BBA7-7F8E40EE1121}.Debug|Any CPU.ActiveCfg = Debug|Any CPU
		{0DD9843B-E9D3-435B-BBA7-7F8E40EE1121}.Debug|Any CPU.Build.0 = Debug|Any CPU
		{0DD9843B-E9D3-435B-BBA7-7F8E40EE1121}.Release|Any CPU.ActiveCfg = Release|Any CPU
		{0DD9843B-E9D3-435B-BBA7-7F8E40EE1121}.Release|Any CPU.Build.0 = Release|Any CPU
		{3E5E4307-9002-48C6-97DC-EC8443D9C7A4}.Debug|Any CPU.ActiveCfg = Debug|Any CPU
		{3E5E4307-9002-48C6-97DC-EC8443D9C7A4}.Debug|Any CPU.Build.0 = Debug|Any CPU
		{3E5E4307-9002-48C6-97DC-EC8443D9C7A4}.Release|Any CPU.ActiveCfg = Release|Any CPU
		{3E5E4307-9002-48C6-97DC-EC8443D9C7A4}.Release|Any CPU.Build.0 = Release|Any CPU
		{A92D3D98-9961-4A4E-B14B-483F0924FB92}.Debug|Any CPU.ActiveCfg = Debug|Any CPU
		{A92D3D98-9961-4A4E-B14B-483F0924FB92}.Debug|Any CPU.Build.0 = Debug|Any CPU
		{A92D3D98-9961-4A4E-B14B-483F0924FB92}.Release|Any CPU.ActiveCfg = Release|Any CPU
		{A92D3D98-9961-4A4E-B14B-483F0924FB92}.Release|Any CPU.Build.0 = Release|Any CPU
		{A41DC7C6-AF5E-42C6-9B53-9CC042263A6E}.Debug|Any CPU.ActiveCfg = Debug|Any CPU
		{A41DC7C6-AF5E-42C6-9B53-9CC042263A6E}.Debug|Any CPU.Build.0 = Debug|Any CPU
		{A41DC7C6-AF5E-42C6-9B53-9CC042263A6E}.Release|Any CPU.ActiveCfg = Release|Any CPU
		{A41DC7C6-AF5E-42C6-9B53-9CC042263A6E}.Release|Any CPU.Build.0 = Release|Any CPU
	EndGlobalSection
	GlobalSection(SolutionProperties) = preSolution
		HideSolutionNode = FALSE
	EndGlobalSection
EndGlobal
